{
  "originHash" : "cad97a034c8df7dc91e35863f4420c07d83924459330a5e9fa4af6744127f84c",
  "pins" : [
    {
      "identity" : "pyswiftast",
      "kind" : "remoteSourceControl",
      "location" : "https://github.com/Py-Swift/PySwiftAST.git",
      "state" : {
        "branch" : "master",
        "revision" : "c757b0d9e7975b59d3c670fea8a99b043e2cb4ba"
      }
    },
    {
      "identity" : "swift-syntax",
      "kind" : "remoteSourceControl",
      "location" : "https://github.com/swiftlang/swift-syntax.git",
      "state" : {
        "revision" : "4799286537280063c85a32f09884cfbca301b1a1",
        "version" : "602.0.0"
      }
    }
  ],
  "version" : 3
}
